
Microsoft Visual Studio Solution File, Format Version 12.00
# Visual Studio Version 17
VisualStudioVersion = 17.9.34622.214
MinimumVisualStudioVersion = 10.0.40219.1
Project("{FAE04EC0-301F-11D3-BF4B-00C04F79EFBC}") = "WebScrapperTesting", "WebScrapperTesting\WebScrapperTesting.csproj", "{D75A05F6-1FD9-4C61-A31A-A04940BBEABD}"
EndProject
Global
	GlobalSection(SolutionConfigurationPlatforms) = preSolution
		Debug|Any CPU = Debug|Any CPU
		Release|Any CPU = Release|Any CPU
	EndGlobalSection
	GlobalSection(ProjectConfigurationPlatforms) = postSolution
		{D75A05F6-1FD9-4C61-A31A-A04940BBEABD}.Debug|Any CPU.ActiveCfg = Debug|Any CPU
		{D75A05F6-1FD9-4C61-A31A-A04940BBEABD}.Debug|Any CPU.Build.0 = Debug|Any CPU
		{D75A05F6-1FD9-4C61-A31A-A04940BBEABD}.Release|Any CPU.ActiveCfg = Release|Any CPU
		{D75A05F6-1FD9-4C61-A31A-A04940BBEABD}.Release|Any CPU.Build.0 = Release|Any CPU
	EndGlobalSection
	GlobalSection(SolutionProperties) = preSolution
		HideSolutionNode = FALSE
	EndGlobalSection
	GlobalSection(ExtensibilityGlobals) = postSolution
		SolutionGuid = {7DA63322-861E-4510-819C-619A88C722CA}
	EndGlobalSection
EndGlobal
